# THIS IS AN AUTOGENERATED FILE. DO NOT EDIT THIS FILE DIRECTLY.
# yarn lockfile v1


"@types/axios@^0.14.0":
  version "0.14.0"
  resolved "https://registry.yarnpkg.com/@types/axios/-/axios-0.14.0.tgz#ec2300fbe7d7dddd7eb9d3abf87999964cafce46"
  dependencies:
    axios "*"

"@types/lodash-es@^4.14.5":
  version "4.14.5"
  resolved "https://registry.yarnpkg.com/@types/lodash-es/-/lodash-es-4.14.5.tgz#57c11845eaf6a7d2a9095e9533fed4980f3d5784"
  dependencies:
    "@types/lodash" "*"

"@types/lodash@*":
  version "4.14.64"
  resolved "https://registry.yarnpkg.com/@types/lodash/-/lodash-4.14.64.tgz#979cf3a3d4a368670840bf9b3e448dc33ffe84ee"

"@types/query-string@^4.3.1":
  version "4.3.1"
  resolved "https://registry.yarnpkg.com/@types/query-string/-/query-string-4.3.1.tgz#59ea5c75d425817370158789aa4f6197e5abd987"

axios@*, axios@^0.16.1:
  version "0.16.1"
  resolved "https://registry.yarnpkg.com/axios/-/axios-0.16.1.tgz#c0b6d26600842384b8f509e57111f0d2df8223ca"
  dependencies:
    follow-redirects "^1.2.3"

debug@^2.4.5:
  version "2.6.8"
  resolved "https://registry.yarnpkg.com/debug/-/debug-2.6.8.tgz#e731531ca2ede27d188222427da17821d68ff4fc"
  dependencies:
    ms "2.0.0"

follow-redirects@^1.2.3:
  version "1.2.3"
  resolved "https://registry.yarnpkg.com/follow-redirects/-/follow-redirects-1.2.3.tgz#01abaeca85e3609837d9fcda3167a7e42fdaca21"
  dependencies:
    debug "^2.4.5"

lodash-es@^4.17.4:
  version "4.17.4"
  resolved "https://registry.yarnpkg.com/lodash-es/-/lodash-es-4.17.4.tgz#dcc1d7552e150a0640073ba9cb31d70f032950e7"

ms@2.0.0:
  version "2.0.0"
  resolved "https://registry.yarnpkg.com/ms/-/ms-2.0.0.tgz#5608aeadfc00be6c2901df5f9861788de0d597c8"

object-assign@^4.1.0:
  version "4.1.1"
  resolved "https://registry.yarnpkg.com/object-assign/-/object-assign-4.1.1.tgz#2109adc7965887cfc05cbbd442cac8bfbb360863"

query-string@^4.3.4:
  version "4.3.4"
  resolved "https://registry.yarnpkg.com/query-string/-/query-string-4.3.4.tgz#bbb693b9ca915c232515b228b1a02b609043dbeb"
  dependencies:
    object-assign "^4.1.0"
    strict-uri-encode "^1.0.0"

strict-uri-encode@^1.0.0:
  version "1.1.0"
  resolved "https://registry.yarnpkg.com/strict-uri-encode/-/strict-uri-encode-1.1.0.tgz#279b225df1d582b1f54e65addd4352e18faa0713"

typescript@^2.3.2:
  version "2.3.2"
  resolved "https://registry.yarnpkg.com/typescript/-/typescript-2.3.2.tgz#f0f045e196f69a72f06b25fd3bd39d01c3ce9984"
